
Microsoft Visual Studio Solution File, Format Version 12.00
# Visual Studio 15
VisualStudioVersion = 15.0.26403.7
MinimumVisualStudioVersion = 10.0.40219.1
Project("{2150E333-8FDC-42A3-9474-1A3956D46DE8}") = "src", "src", "{BDAB359A-5EDD-4F7F-BC1B-8B42DF375420}"
EndProject
Project("{2150E333-8FDC-42A3-9474-1A3956D46DE8}") = "Solution Items", "Solution Items", "{DF371106-8077-4E56-B811-B608E341F906}"
	ProjectSection(SolutionItems) = preProject
		.gitattributes = .gitattributes
		.gitignore = .gitignore
		LICENSE.txt = LICENSE.txt
		README.md = README.md
	EndProjectSection
EndProject
Project("{2150E333-8FDC-42A3-9474-1A3956D46DE8}") = "tests", "tests", "{D97AFB24-A86D-4B21-B3A7-0B943E48812C}"
EndProject
Project("{FAE04EC0-301F-11D3-BF4B-00C04F79EFBC}") = "Gfycat.Net.Analytics", "src\Gfycat.Net.Analytics\Gfycat.Net.Analytics.csproj", "{416332F3-EC7A-4968-85DE-1D785DF7AD6A}"
EndProject
Project("{FAE04EC0-301F-11D3-BF4B-00C04F79EFBC}") = "Gfycat.Net.Tests", "tests\Gfycat.Net.Tests\Gfycat.Net.Tests.csproj", "{8CD31222-5720-4A38-8660-B2D117C86D2C}"
EndProject
Project("{9A19103F-16F7-4668-BE54-9A1E7A4F7556}") = "Gfycat.Net", "src\Gfycat.Net\Gfycat.Net.csproj", "{55AD348E-77DC-4C62-AFE2-24530057462C}"
EndProject
Global
	GlobalSection(SolutionConfigurationPlatforms) = preSolution
		Debug|Any CPU = Debug|Any CPU
		Debug|x64 = Debug|x64
		Debug|x86 = Debug|x86
		Release|Any CPU = Release|Any CPU
		Release|x64 = Release|x64
		Release|x86 = Release|x86
	EndGlobalSection
	GlobalSection(ProjectConfigurationPlatforms) = postSolution
		{416332F3-EC7A-4968-85DE-1D785DF7AD6A}.Debug|Any CPU.ActiveCfg = Debug|Any CPU
		{416332F3-EC7A-4968-85DE-1D785DF7AD6A}.Debug|Any CPU.Build.0 = Debug|Any CPU
		{416332F3-EC7A-4968-85DE-1D785DF7AD6A}.Debug|x64.ActiveCfg = Debug|Any CPU
		{416332F3-EC7A-4968-85DE-1D785DF7AD6A}.Debug|x64.Build.0 = Debug|Any CPU
		{416332F3-EC7A-4968-85DE-1D785DF7AD6A}.Debug|x86.ActiveCfg = Debug|Any CPU
		{416332F3-EC7A-4968-85DE-1D785DF7AD6A}.Debug|x86.Build.0 = Debug|Any CPU
		{416332F3-EC7A-4968-85DE-1D785DF7AD6A}.Release|Any CPU.ActiveCfg = Release|Any CPU
		{416332F3-EC7A-4968-85DE-1D785DF7AD6A}.Release|Any CPU.Build.0 = Release|Any CPU
		{416332F3-EC7A-4968-85DE-1D785DF7AD6A}.Release|x64.ActiveCfg = Release|Any CPU
		{416332F3-EC7A-4968-85DE-1D785DF7AD6A}.Release|x64.Build.0 = Release|Any CPU
		{416332F3-EC7A-4968-85DE-1D785DF7AD6A}.Release|x86.ActiveCfg = Release|Any CPU
		{416332F3-EC7A-4968-85DE-1D785DF7AD6A}.Release|x86.Build.0 = Release|Any CPU
		{8CD31222-5720-4A38-8660-B2D117C86D2C}.Debug|Any CPU.ActiveCfg = Debug|Any CPU
		{8CD31222-5720-4A38-8660-B2D117C86D2C}.Debug|Any CPU.Build.0 = Debug|Any CPU
		{8CD31222-5720-4A38-8660-B2D117C86D2C}.Debug|x64.ActiveCfg = Debug|Any CPU
		{8CD31222-5720-4A38-8660-B2D117C86D2C}.Debug|x64.Build.0 = Debug|Any CPU
		{8CD31222-5720-4A38-8660-B2D117C86D2C}.Debug|x86.ActiveCfg = Debug|Any CPU
		{8CD31222-5720-4A38-8660-B2D117C86D2C}.Debug|x86.Build.0 = Debug|Any CPU
		{8CD31222-5720-4A38-8660-B2D117C86D2C}.Release|Any CPU.ActiveCfg = Release|Any CPU
		{8CD31222-5720-4A38-8660-B2D117C86D2C}.Release|Any CPU.Build.0 = Release|Any CPU
		{8CD31222-5720-4A38-8660-B2D117C86D2C}.Release|x64.ActiveCfg = Release|Any CPU
		{8CD31222-5720-4A38-8660-B2D117C86D2C}.Release|x64.Build.0 = Release|Any CPU
		{8CD31222-5720-4A38-8660-B2D117C86D2C}.Release|x86.ActiveCfg = Release|Any CPU
		{8CD31222-5720-4A38-8660-B2D117C86D2C}.Release|x86.Build.0 = Release|Any CPU
		{55AD348E-77DC-4C62-AFE2-24530057462C}.Debug|Any CPU.ActiveCfg = Debug|Any CPU
		{55AD348E-77DC-4C62-AFE2-24530057462C}.Debug|Any CPU.Build.0 = Debug|Any CPU
		{55AD348E-77DC-4C62-AFE2-24530057462C}.Debug|x64.ActiveCfg = Debug|Any CPU
		{55AD348E-77DC-4C62-AFE2-24530057462C}.Debug|x64.Build.0 = Debug|Any CPU
		{55AD348E-77DC-4C62-AFE2-24530057462C}.Debug|x86.ActiveCfg = Debug|Any CPU
		{55AD348E-77DC-4C62-AFE2-24530057462C}.Debug|x86.Build.0 = Debug|Any CPU
		{55AD348E-77DC-4C62-AFE2-24530057462C}.Release|Any CPU.ActiveCfg = Release|Any CPU
		{55AD348E-77DC-4C62-AFE2-24530057462C}.Release|Any CPU.Build.0 = Release|Any CPU
		{55AD348E-77DC-4C62-AFE2-24530057462C}.Release|x64.ActiveCfg = Release|Any CPU
		{55AD348E-77DC-4C62-AFE2-24530057462C}.Release|x64.Build.0 = Release|Any CPU
		{55AD348E-77DC-4C62-AFE2-24530057462C}.Release|x86.ActiveCfg = Release|Any CPU
		{55AD348E-77DC-4C62-AFE2-24530057462C}.Release|x86.Build.0 = Release|Any CPU
	EndGlobalSection
	GlobalSection(SolutionProperties) = preSolution
		HideSolutionNode = FALSE
	EndGlobalSection
	GlobalSection(NestedProjects) = preSolution
		{416332F3-EC7A-4968-85DE-1D785DF7AD6A} = {BDAB359A-5EDD-4F7F-BC1B-8B42DF375420}
		{8CD31222-5720-4A38-8660-B2D117C86D2C} = {D97AFB24-A86D-4B21-B3A7-0B943E48812C}
		{55AD348E-77DC-4C62-AFE2-24530057462C} = {BDAB359A-5EDD-4F7F-BC1B-8B42DF375420}
	EndGlobalSection
EndGlobal
